
Microsoft Visual Studio Solution File, Format Version 12.00
# Visual Studio 2012
Project("{FAE04EC0-301F-11D3-BF4B-00C04F79EFBC}") = "PointerPos.Infrastructure.Common", "PointerPos.Infrastructure.Common\PointerPos.Infrastructure.Common.csproj", "{B91EE783-D683-41AE-85B3-2480D397CC86}"
EndProject
Project("{FAE04EC0-301F-11D3-BF4B-00C04F79EFBC}") = "PointerPos.Domain", "PointerPos.Domain\PointerPos.Domain.csproj", "{2032134A-4417-4559-BE91-C6605C1B96B3}"
EndProject
Global
	GlobalSection(SolutionConfigurationPlatforms) = preSolution
		Debug|Any CPU = Debug|Any CPU
		Release|Any CPU = Release|Any CPU
	EndGlobalSection
	GlobalSection(ProjectConfigurationPlatforms) = postSolution
		{B91EE783-D683-41AE-85B3-2480D397CC86}.Debug|Any CPU.ActiveCfg = Debug|Any CPU
		{B91EE783-D683-41AE-85B3-2480D397CC86}.Debug|Any CPU.Build.0 = Debug|Any CPU
		{B91EE783-D683-41AE-85B3-2480D397CC86}.Release|Any CPU.ActiveCfg = Release|Any CPU
		{B91EE783-D683-41AE-85B3-2480D397CC86}.Release|Any CPU.Build.0 = Release|Any CPU
		{2032134A-4417-4559-BE91-C6605C1B96B3}.Debug|Any CPU.ActiveCfg = Debug|Any CPU
		{2032134A-4417-4559-BE91-C6605C1B96B3}.Debug|Any CPU.Build.0 = Debug|Any CPU
		{2032134A-4417-4559-BE91-C6605C1B96B3}.Release|Any CPU.ActiveCfg = Release|Any CPU
		{2032134A-4417-4559-BE91-C6605C1B96B3}.Release|Any CPU.Build.0 = Release|Any CPU
	EndGlobalSection
	GlobalSection(SolutionProperties) = preSolution
		HideSolutionNode = FALSE
	EndGlobalSection
EndGlobal
